
Microsoft Visual Studio Solution File, Format Version 12.00
# Visual Studio Version 17
VisualStudioVersion = 17.0.31903.59
MinimumVisualStudioVersion = 10.0.40219.1
Project("{2150E333-8FDC-42A3-9474-1A3956D46DE8}") = "EventSourcing.Core", "EventSourcing.Core", "{78465EE2-B42B-4660-8C98-789F69B9C7F7}"
EndProject
Project("{9A19103F-16F7-4668-BE54-9A1E7A4F7556}") = "EventSourcing.Core", "EventSourcing.Core\EventSourcing.Core.csproj", "{1ED445A0-6FDA-46DF-84C9-12123995EC78}"
EndProject
Project("{2150E333-8FDC-42A3-9474-1A3956D46DE8}") = "EventSourcing.AnLicense.Domain", "EventSourcing.AnLicense.Domain", "{591AA18E-835C-498B-A678-AF34CDB8CBB2}"
EndProject
Project("{9A19103F-16F7-4668-BE54-9A1E7A4F7556}") = "EventSourcing.AnLicense.Domain", "EventSourcing.License.Domain\EventSourcing.AnLicense.Domain.csproj", "{F91779C0-1499-4D66-B114-CDC3BC962041}"
EndProject
Project("{2150E333-8FDC-42A3-9474-1A3956D46DE8}") = "EventSourcing.License.Application", "EventSourcing.License.Application", "{B4CD9139-1365-4216-A9E6-BE41327E8FEC}"
EndProject
Project("{9A19103F-16F7-4668-BE54-9A1E7A4F7556}") = "EventSourcing.License.Application", "EventSourcing.License.Application\EventSourcing.License.Application.csproj", "{1C8EDF52-63AC-4439-83A1-28A6176DB3ED}"
EndProject
Project("{2150E333-8FDC-42A3-9474-1A3956D46DE8}") = "EventSourcing.Infra", "EventSourcing.Infra", "{08900534-491E-460B-9900-77F19398FEB2}"
EndProject
Project("{9A19103F-16F7-4668-BE54-9A1E7A4F7556}") = "EventSourcing.Infra", "EventSourcing.Infra\EventSourcing.Infra.csproj", "{F5F3CC5D-0588-4215-9414-64D7427E4C4D}"
EndProject
Project("{2150E333-8FDC-42A3-9474-1A3956D46DE8}") = "EventSourcing.EventStoreDb", "EventSourcing.EventStoreDb", "{F681DC49-1307-4F4A-BB86-BFCDC459C131}"
EndProject
Project("{9A19103F-16F7-4668-BE54-9A1E7A4F7556}") = "EventSourcing.EventStoreDb", "EventSourcing.EventStoreDb\EventSourcing.EventStoreDb.csproj", "{025D6B49-5A8C-4F0A-9CFC-E61976CE9A99}"
EndProject
Project("{2150E333-8FDC-42A3-9474-1A3956D46DE8}") = "Docker", "Docker", "{B834AE67-0A7F-4F91-B1DA-24AAF2A2D719}"
EndProject
Project("{2150E333-8FDC-42A3-9474-1A3956D46DE8}") = "EventSourcing.Shared", "EventSourcing.Shared", "{C4C42075-CA24-4FFB-9FAD-7A7ABEDE9A68}"
EndProject
Project("{9A19103F-16F7-4668-BE54-9A1E7A4F7556}") = "EventSourcing.FakeData", "EventSourcing.Shared\EventSourcing.FakeData\EventSourcing.FakeData.csproj", "{699C1169-4829-47D6-BB9F-E233058738CF}"
EndProject
Project("{2150E333-8FDC-42A3-9474-1A3956D46DE8}") = "EventStoreDb", "EventStoreDb", "{2E0D5A43-8FEA-4FE6-8DDE-4E8AFC087EBD}"
	ProjectSection(SolutionItems) = preProject
		Docker\EventStoreDb\docker-compose.yml = Docker\EventStoreDb\docker-compose.yml
		Docker\EventStoreDb\README.MD = Docker\EventStoreDb\README.MD
	EndProjectSection
EndProject
Project("{2150E333-8FDC-42A3-9474-1A3956D46DE8}") = "MongoDb", "MongoDb", "{D36BBDFE-A861-40CD-819C-62739E035B66}"
	ProjectSection(SolutionItems) = preProject
		Docker\MongoDb\docker-compose.yml = Docker\MongoDb\docker-compose.yml
	EndProjectSection
EndProject
Global
	GlobalSection(SolutionConfigurationPlatforms) = preSolution
		Debug|Any CPU = Debug|Any CPU
		Release|Any CPU = Release|Any CPU
	EndGlobalSection
	GlobalSection(ProjectConfigurationPlatforms) = postSolution
		{1ED445A0-6FDA-46DF-84C9-12123995EC78}.Debug|Any CPU.ActiveCfg = Debug|Any CPU
		{1ED445A0-6FDA-46DF-84C9-12123995EC78}.Debug|Any CPU.Build.0 = Debug|Any CPU
		{1ED445A0-6FDA-46DF-84C9-12123995EC78}.Release|Any CPU.ActiveCfg = Release|Any CPU
		{1ED445A0-6FDA-46DF-84C9-12123995EC78}.Release|Any CPU.Build.0 = Release|Any CPU
		{F91779C0-1499-4D66-B114-CDC3BC962041}.Debug|Any CPU.ActiveCfg = Debug|Any CPU
		{F91779C0-1499-4D66-B114-CDC3BC962041}.Debug|Any CPU.Build.0 = Debug|Any CPU
		{F91779C0-1499-4D66-B114-CDC3BC962041}.Release|Any CPU.ActiveCfg = Release|Any CPU
		{F91779C0-1499-4D66-B114-CDC3BC962041}.Release|Any CPU.Build.0 = Release|Any CPU
		{1C8EDF52-63AC-4439-83A1-28A6176DB3ED}.Debug|Any CPU.ActiveCfg = Debug|Any CPU
		{1C8EDF52-63AC-4439-83A1-28A6176DB3ED}.Debug|Any CPU.Build.0 = Debug|Any CPU
		{1C8EDF52-63AC-4439-83A1-28A6176DB3ED}.Release|Any CPU.ActiveCfg = Release|Any CPU
		{1C8EDF52-63AC-4439-83A1-28A6176DB3ED}.Release|Any CPU.Build.0 = Release|Any CPU
		{F5F3CC5D-0588-4215-9414-64D7427E4C4D}.Debug|Any CPU.ActiveCfg = Debug|Any CPU
		{F5F3CC5D-0588-4215-9414-64D7427E4C4D}.Debug|Any CPU.Build.0 = Debug|Any CPU
		{F5F3CC5D-0588-4215-9414-64D7427E4C4D}.Release|Any CPU.ActiveCfg = Release|Any CPU
		{F5F3CC5D-0588-4215-9414-64D7427E4C4D}.Release|Any CPU.Build.0 = Release|Any CPU
		{025D6B49-5A8C-4F0A-9CFC-E61976CE9A99}.Debug|Any CPU.ActiveCfg = Debug|Any CPU
		{025D6B49-5A8C-4F0A-9CFC-E61976CE9A99}.Debug|Any CPU.Build.0 = Debug|Any CPU
		{025D6B49-5A8C-4F0A-9CFC-E61976CE9A99}.Release|Any CPU.ActiveCfg = Release|Any CPU
		{025D6B49-5A8C-4F0A-9CFC-E61976CE9A99}.Release|Any CPU.Build.0 = Release|Any CPU
		{699C1169-4829-47D6-BB9F-E233058738CF}.Debug|Any CPU.ActiveCfg = Debug|Any CPU
		{699C1169-4829-47D6-BB9F-E233058738CF}.Debug|Any CPU.Build.0 = Debug|Any CPU
		{699C1169-4829-47D6-BB9F-E233058738CF}.Release|Any CPU.ActiveCfg = Release|Any CPU
		{699C1169-4829-47D6-BB9F-E233058738CF}.Release|Any CPU.Build.0 = Release|Any CPU
	EndGlobalSection
	GlobalSection(SolutionProperties) = preSolution
		HideSolutionNode = FALSE
	EndGlobalSection
	GlobalSection(NestedProjects) = preSolution
		{1ED445A0-6FDA-46DF-84C9-12123995EC78} = {78465EE2-B42B-4660-8C98-789F69B9C7F7}
		{F91779C0-1499-4D66-B114-CDC3BC962041} = {591AA18E-835C-498B-A678-AF34CDB8CBB2}
		{1C8EDF52-63AC-4439-83A1-28A6176DB3ED} = {B4CD9139-1365-4216-A9E6-BE41327E8FEC}
		{F5F3CC5D-0588-4215-9414-64D7427E4C4D} = {08900534-491E-460B-9900-77F19398FEB2}
		{025D6B49-5A8C-4F0A-9CFC-E61976CE9A99} = {F681DC49-1307-4F4A-BB86-BFCDC459C131}
		{699C1169-4829-47D6-BB9F-E233058738CF} = {C4C42075-CA24-4FFB-9FAD-7A7ABEDE9A68}
		{2E0D5A43-8FEA-4FE6-8DDE-4E8AFC087EBD} = {B834AE67-0A7F-4F91-B1DA-24AAF2A2D719}
		{D36BBDFE-A861-40CD-819C-62739E035B66} = {B834AE67-0A7F-4F91-B1DA-24AAF2A2D719}
	EndGlobalSection
	GlobalSection(ExtensibilityGlobals) = postSolution
		SolutionGuid = {37A7ED78-B1E7-415F-B2AF-D1706FF6B981}
	EndGlobalSection
EndGlobal
